<?xml version="1.0" encoding="utf-8"?>
<Project ToolsVersion="17.0" xmlns="http://schemas.microsoft.com/developer/msbuild/2003">
  <ItemGroup>
    <ClCompile Include="D:\GitHub\PaliaHook\detours\creatwth.cpp">
      <Filter>Source Files</Filter>
    </ClCompile>
    <ClCompile Include="D:\GitHub\PaliaHook\detours\detours.cpp">
      <Filter>Source Files</Filter>
    </ClCompile>
    <ClCompile Include="D:\GitHub\PaliaHook\detours\disasm.cpp">
      <Filter>Source Files</Filter>
    </ClCompile>
    <ClCompile Include="D:\GitHub\PaliaHook\detours\disolarm.cpp">
      <Filter>Source Files</Filter>
    </ClCompile>
    <ClCompile Include="D:\GitHub\PaliaHook\detours\disolarm64.cpp">
      <Filter>Source Files</Filter>
    </ClCompile>
    <ClCompile Include="D:\GitHub\PaliaHook\detours\disolia64.cpp">
      <Filter>Source Files</Filter>
    </ClCompile>
    <ClCompile Include="D:\GitHub\PaliaHook\detours\disolx64.cpp">
      <Filter>Source Files</Filter>
    </ClCompile>
    <ClCompile Include="D:\GitHub\PaliaHook\detours\disolx86.cpp">
      <Filter>Source Files</Filter>
    </ClCompile>
    <ClCompile Include="D:\GitHub\PaliaHook\detours\image.cpp">
      <Filter>Source Files</Filter>
    </ClCompile>
    <ClCompile Include="D:\GitHub\PaliaHook\detours\modules.cpp">
      <Filter>Source Files</Filter>
    </ClCompile>
  </ItemGroup>
  <ItemGroup>
    <ClInclude Include="D:\GitHub\PaliaHook\detours\detours.h">
      <Filter>Header Files</Filter>
    </ClInclude>
    <ClInclude Include="D:\GitHub\PaliaHook\detours\detver.h">
      <Filter>Header Files</Filter>
    </ClInclude>
  </ItemGroup>
  <ItemGroup>
    <CustomBuild Include="D:\GitHub\PaliaHook\CMakeLists.txt" />
  </ItemGroup>
  <ItemGroup>
    <Filter Include="Header Files">
      <UniqueIdentifier>{EA5AB93B-8569-3885-B256-1485A84D0271}</UniqueIdentifier>
    </Filter>
    <Filter Include="Source Files">
      <UniqueIdentifier>{1AAACCA3-AD89-343F-B0C5-8ABCE5399BCD}</UniqueIdentifier>
    </Filter>
  </ItemGroup>
</Project>
