<?xml version="1.0" encoding="utf-8"?>
<Project ToolsVersion="17.0" xmlns="http://schemas.microsoft.com/developer/msbuild/2003">
  <ItemGroup>
    <ClCompile Include="D:\GitHub\PaliaHook\ImGui\imgui.cpp">
      <Filter>Source Files</Filter>
    </ClCompile>
    <ClCompile Include="D:\GitHub\PaliaHook\ImGui\imgui_draw.cpp">
      <Filter>Source Files</Filter>
    </ClCompile>
    <ClCompile Include="D:\GitHub\PaliaHook\ImGui\imgui_tables.cpp">
      <Filter>Source Files</Filter>
    </ClCompile>
    <ClCompile Include="D:\GitHub\PaliaHook\ImGui\imgui_widgets.cpp">
      <Filter>Source Files</Filter>
    </ClCompile>
    <ClCompile Include="D:\GitHub\PaliaHook\ImGui\impls\imgui_impl_opengl3.cpp">
      <Filter>Source Files</Filter>
    </ClCompile>
    <ClCompile Include="D:\GitHub\PaliaHook\ImGui\impls\windows\imgui_impl_dx10.cpp">
      <Filter>Source Files</Filter>
    </ClCompile>
    <ClCompile Include="D:\GitHub\PaliaHook\ImGui\impls\windows\imgui_impl_dx11.cpp">
      <Filter>Source Files</Filter>
    </ClCompile>
    <ClCompile Include="D:\GitHub\PaliaHook\ImGui\impls\windows\imgui_impl_dx12.cpp">
      <Filter>Source Files</Filter>
    </ClCompile>
    <ClCompile Include="D:\GitHub\PaliaHook\ImGui\impls\windows\imgui_impl_dx9.cpp">
      <Filter>Source Files</Filter>
    </ClCompile>
    <ClCompile Include="D:\GitHub\PaliaHook\ImGui\impls\windows\imgui_impl_win32.cpp">
      <Filter>Source Files</Filter>
    </ClCompile>
    <ClCompile Include="D:\GitHub\PaliaHook\ImGui\impls\windows\imgui_shaderblobs.cpp">
      <Filter>Source Files</Filter>
    </ClCompile>
  </ItemGroup>
  <ItemGroup>
    <ClInclude Include="D:\GitHub\PaliaHook\ImGui\imconfig.h">
      <Filter>Header Files</Filter>
    </ClInclude>
    <ClInclude Include="D:\GitHub\PaliaHook\ImGui\imgui.h">
      <Filter>Header Files</Filter>
    </ClInclude>
    <ClInclude Include="D:\GitHub\PaliaHook\ImGui\imgui_internal.h">
      <Filter>Header Files</Filter>
    </ClInclude>
    <ClInclude Include="D:\GitHub\PaliaHook\ImGui\impls\imgui_impl_opengl3.h">
      <Filter>Header Files</Filter>
    </ClInclude>
    <ClInclude Include="D:\GitHub\PaliaHook\ImGui\imstb_rectpack.h">
      <Filter>Header Files</Filter>
    </ClInclude>
    <ClInclude Include="D:\GitHub\PaliaHook\ImGui\imstb_textedit.h">
      <Filter>Header Files</Filter>
    </ClInclude>
    <ClInclude Include="D:\GitHub\PaliaHook\ImGui\imstb_truetype.h">
      <Filter>Header Files</Filter>
    </ClInclude>
    <ClInclude Include="D:\GitHub\PaliaHook\ImGui\impls\windows\imgui_impl_dx10.h">
      <Filter>Header Files</Filter>
    </ClInclude>
    <ClInclude Include="D:\GitHub\PaliaHook\ImGui\impls\windows\imgui_impl_dx11.h">
      <Filter>Header Files</Filter>
    </ClInclude>
    <ClInclude Include="D:\GitHub\PaliaHook\ImGui\impls\windows\imgui_impl_dx12.h">
      <Filter>Header Files</Filter>
    </ClInclude>
    <ClInclude Include="D:\GitHub\PaliaHook\ImGui\impls\windows\imgui_impl_dx9.h">
      <Filter>Header Files</Filter>
    </ClInclude>
    <ClInclude Include="D:\GitHub\PaliaHook\ImGui\impls\windows\imgui_impl_win32.h">
      <Filter>Header Files</Filter>
    </ClInclude>
    <ClInclude Include="D:\GitHub\PaliaHook\ImGui\impls\windows\imgui_shaderblobs.h">
      <Filter>Header Files</Filter>
    </ClInclude>
  </ItemGroup>
  <ItemGroup>
    <CustomBuild Include="D:\GitHub\PaliaHook\CMakeLists.txt" />
  </ItemGroup>
  <ItemGroup>
    <Filter Include="Header Files">
      <UniqueIdentifier>{EA5AB93B-8569-3885-B256-1485A84D0271}</UniqueIdentifier>
    </Filter>
    <Filter Include="Source Files">
      <UniqueIdentifier>{1AAACCA3-AD89-343F-B0C5-8ABCE5399BCD}</UniqueIdentifier>
    </Filter>
  </ItemGroup>
</Project>
