
Microsoft Visual Studio Solution File, Format Version 12.00
# Visual Studio Version 17
Project("{8BC9CEB8-8B4A-11D0-8D11-00A0C91BC942}") = "ALL_BUILD", "ALL_BUILD.vcxproj", "{F2019DDE-58C6-31E9-87F4-6C866EB99CDC}"
	ProjectSection(ProjectDependencies) = postProject
		{F9039542-B9CB-3885-8BB3-16A63DADDD9C} = {F9039542-B9CB-3885-8BB3-16A63DADDD9C}
		{DFB9FB9A-8C52-354E-903D-8FE2B6F5185C} = {DFB9FB9A-8C52-354E-903D-8FE2B6F5185C}
		{034C5110-9AB8-39F7-9EFC-1783D32E29EA} = {034C5110-9AB8-39F7-9EFC-1783D32E29EA}
		{5F1C3958-9BDF-306F-A9A0-1984CECF7BCA} = {5F1C3958-9BDF-306F-A9A0-1984CECF7BCA}
		{6DC2491A-042B-32FE-BC8B-67EB9047441A} = {6DC2491A-042B-32FE-BC8B-67EB9047441A}
		{7E39AFE5-C972-3EAD-934F-1B718C44D4D1} = {7E39AFE5-C972-3EAD-934F-1B718C44D4D1}
	EndProjectSection
EndProject
Project("{8BC9CEB8-8B4A-11D0-8D11-00A0C91BC942}") = "PaliaHook", "PaliaHook.vcxproj", "{F9039542-B9CB-3885-8BB3-16A63DADDD9C}"
	ProjectSection(ProjectDependencies) = postProject
		{DFB9FB9A-8C52-354E-903D-8FE2B6F5185C} = {DFB9FB9A-8C52-354E-903D-8FE2B6F5185C}
		{034C5110-9AB8-39F7-9EFC-1783D32E29EA} = {034C5110-9AB8-39F7-9EFC-1783D32E29EA}
		{5F1C3958-9BDF-306F-A9A0-1984CECF7BCA} = {5F1C3958-9BDF-306F-A9A0-1984CECF7BCA}
		{6DC2491A-042B-32FE-BC8B-67EB9047441A} = {6DC2491A-042B-32FE-BC8B-67EB9047441A}
		{7E39AFE5-C972-3EAD-934F-1B718C44D4D1} = {7E39AFE5-C972-3EAD-934F-1B718C44D4D1}
	EndProjectSection
EndProject
Project("{8BC9CEB8-8B4A-11D0-8D11-00A0C91BC942}") = "PaliaSDK", "PaliaSDK.vcxproj", "{DFB9FB9A-8C52-354E-903D-8FE2B6F5185C}"
	ProjectSection(ProjectDependencies) = postProject
		{5F1C3958-9BDF-306F-A9A0-1984CECF7BCA} = {5F1C3958-9BDF-306F-A9A0-1984CECF7BCA}
	EndProjectSection
EndProject
Project("{8BC9CEB8-8B4A-11D0-8D11-00A0C91BC942}") = "RendererHook", "RendererHook.vcxproj", "{034C5110-9AB8-39F7-9EFC-1783D32E29EA}"
	ProjectSection(ProjectDependencies) = postProject
		{5F1C3958-9BDF-306F-A9A0-1984CECF7BCA} = {5F1C3958-9BDF-306F-A9A0-1984CECF7BCA}
		{6DC2491A-042B-32FE-BC8B-67EB9047441A} = {6DC2491A-042B-32FE-BC8B-67EB9047441A}
		{7E39AFE5-C972-3EAD-934F-1B718C44D4D1} = {7E39AFE5-C972-3EAD-934F-1B718C44D4D1}
	EndProjectSection
EndProject
Project("{8BC9CEB8-8B4A-11D0-8D11-00A0C91BC942}") = "ZERO_CHECK", "ZERO_CHECK.vcxproj", "{5F1C3958-9BDF-306F-A9A0-1984CECF7BCA}"
	ProjectSection(ProjectDependencies) = postProject
	EndProjectSection
EndProject
Project("{8BC9CEB8-8B4A-11D0-8D11-00A0C91BC942}") = "detours", "detours.vcxproj", "{6DC2491A-042B-32FE-BC8B-67EB9047441A}"
	ProjectSection(ProjectDependencies) = postProject
		{5F1C3958-9BDF-306F-A9A0-1984CECF7BCA} = {5F1C3958-9BDF-306F-A9A0-1984CECF7BCA}
	EndProjectSection
EndProject
Project("{8BC9CEB8-8B4A-11D0-8D11-00A0C91BC942}") = "imgui", "imgui.vcxproj", "{7E39AFE5-C972-3EAD-934F-1B718C44D4D1}"
	ProjectSection(ProjectDependencies) = postProject
		{5F1C3958-9BDF-306F-A9A0-1984CECF7BCA} = {5F1C3958-9BDF-306F-A9A0-1984CECF7BCA}
	EndProjectSection
EndProject
Global
	GlobalSection(SolutionConfigurationPlatforms) = preSolution
		Debug|x64 = Debug|x64
		Release|x64 = Release|x64
		MinSizeRel|x64 = MinSizeRel|x64
		RelWithDebInfo|x64 = RelWithDebInfo|x64
	EndGlobalSection
	GlobalSection(ProjectConfigurationPlatforms) = postSolution
		{F2019DDE-58C6-31E9-87F4-6C866EB99CDC}.Debug|x64.ActiveCfg = Debug|x64
		{F2019DDE-58C6-31E9-87F4-6C866EB99CDC}.Release|x64.ActiveCfg = Release|x64
		{F2019DDE-58C6-31E9-87F4-6C866EB99CDC}.MinSizeRel|x64.ActiveCfg = MinSizeRel|x64
		{F2019DDE-58C6-31E9-87F4-6C866EB99CDC}.RelWithDebInfo|x64.ActiveCfg = RelWithDebInfo|x64
		{F9039542-B9CB-3885-8BB3-16A63DADDD9C}.Debug|x64.ActiveCfg = Debug|x64
		{F9039542-B9CB-3885-8BB3-16A63DADDD9C}.Debug|x64.Build.0 = Debug|x64
		{F9039542-B9CB-3885-8BB3-16A63DADDD9C}.Release|x64.ActiveCfg = Release|x64
		{F9039542-B9CB-3885-8BB3-16A63DADDD9C}.Release|x64.Build.0 = Release|x64
		{F9039542-B9CB-3885-8BB3-16A63DADDD9C}.MinSizeRel|x64.ActiveCfg = MinSizeRel|x64
		{F9039542-B9CB-3885-8BB3-16A63DADDD9C}.MinSizeRel|x64.Build.0 = MinSizeRel|x64
		{F9039542-B9CB-3885-8BB3-16A63DADDD9C}.RelWithDebInfo|x64.ActiveCfg = RelWithDebInfo|x64
		{F9039542-B9CB-3885-8BB3-16A63DADDD9C}.RelWithDebInfo|x64.Build.0 = RelWithDebInfo|x64
		{DFB9FB9A-8C52-354E-903D-8FE2B6F5185C}.Debug|x64.ActiveCfg = Debug|x64
		{DFB9FB9A-8C52-354E-903D-8FE2B6F5185C}.Debug|x64.Build.0 = Debug|x64
		{DFB9FB9A-8C52-354E-903D-8FE2B6F5185C}.Release|x64.ActiveCfg = Release|x64
		{DFB9FB9A-8C52-354E-903D-8FE2B6F5185C}.Release|x64.Build.0 = Release|x64
		{DFB9FB9A-8C52-354E-903D-8FE2B6F5185C}.MinSizeRel|x64.ActiveCfg = MinSizeRel|x64
		{DFB9FB9A-8C52-354E-903D-8FE2B6F5185C}.MinSizeRel|x64.Build.0 = MinSizeRel|x64
		{DFB9FB9A-8C52-354E-903D-8FE2B6F5185C}.RelWithDebInfo|x64.ActiveCfg = RelWithDebInfo|x64
		{DFB9FB9A-8C52-354E-903D-8FE2B6F5185C}.RelWithDebInfo|x64.Build.0 = RelWithDebInfo|x64
		{034C5110-9AB8-39F7-9EFC-1783D32E29EA}.Debug|x64.ActiveCfg = Debug|x64
		{034C5110-9AB8-39F7-9EFC-1783D32E29EA}.Debug|x64.Build.0 = Debug|x64
		{034C5110-9AB8-39F7-9EFC-1783D32E29EA}.Release|x64.ActiveCfg = Release|x64
		{034C5110-9AB8-39F7-9EFC-1783D32E29EA}.Release|x64.Build.0 = Release|x64
		{034C5110-9AB8-39F7-9EFC-1783D32E29EA}.MinSizeRel|x64.ActiveCfg = MinSizeRel|x64
		{034C5110-9AB8-39F7-9EFC-1783D32E29EA}.MinSizeRel|x64.Build.0 = MinSizeRel|x64
		{034C5110-9AB8-39F7-9EFC-1783D32E29EA}.RelWithDebInfo|x64.ActiveCfg = RelWithDebInfo|x64
		{034C5110-9AB8-39F7-9EFC-1783D32E29EA}.RelWithDebInfo|x64.Build.0 = RelWithDebInfo|x64
		{5F1C3958-9BDF-306F-A9A0-1984CECF7BCA}.Debug|x64.ActiveCfg = Debug|x64
		{5F1C3958-9BDF-306F-A9A0-1984CECF7BCA}.Debug|x64.Build.0 = Debug|x64
		{5F1C3958-9BDF-306F-A9A0-1984CECF7BCA}.Release|x64.ActiveCfg = Release|x64
		{5F1C3958-9BDF-306F-A9A0-1984CECF7BCA}.Release|x64.Build.0 = Release|x64
		{5F1C3958-9BDF-306F-A9A0-1984CECF7BCA}.MinSizeRel|x64.ActiveCfg = MinSizeRel|x64
		{5F1C3958-9BDF-306F-A9A0-1984CECF7BCA}.MinSizeRel|x64.Build.0 = MinSizeRel|x64
		{5F1C3958-9BDF-306F-A9A0-1984CECF7BCA}.RelWithDebInfo|x64.ActiveCfg = RelWithDebInfo|x64
		{5F1C3958-9BDF-306F-A9A0-1984CECF7BCA}.RelWithDebInfo|x64.Build.0 = RelWithDebInfo|x64
		{6DC2491A-042B-32FE-BC8B-67EB9047441A}.Debug|x64.ActiveCfg = Debug|x64
		{6DC2491A-042B-32FE-BC8B-67EB9047441A}.Debug|x64.Build.0 = Debug|x64
		{6DC2491A-042B-32FE-BC8B-67EB9047441A}.Release|x64.ActiveCfg = Release|x64
		{6DC2491A-042B-32FE-BC8B-67EB9047441A}.Release|x64.Build.0 = Release|x64
		{6DC2491A-042B-32FE-BC8B-67EB9047441A}.MinSizeRel|x64.ActiveCfg = MinSizeRel|x64
		{6DC2491A-042B-32FE-BC8B-67EB9047441A}.MinSizeRel|x64.Build.0 = MinSizeRel|x64
		{6DC2491A-042B-32FE-BC8B-67EB9047441A}.RelWithDebInfo|x64.ActiveCfg = RelWithDebInfo|x64
		{6DC2491A-042B-32FE-BC8B-67EB9047441A}.RelWithDebInfo|x64.Build.0 = RelWithDebInfo|x64
		{7E39AFE5-C972-3EAD-934F-1B718C44D4D1}.Debug|x64.ActiveCfg = Debug|x64
		{7E39AFE5-C972-3EAD-934F-1B718C44D4D1}.Debug|x64.Build.0 = Debug|x64
		{7E39AFE5-C972-3EAD-934F-1B718C44D4D1}.Release|x64.ActiveCfg = Release|x64
		{7E39AFE5-C972-3EAD-934F-1B718C44D4D1}.Release|x64.Build.0 = Release|x64
		{7E39AFE5-C972-3EAD-934F-1B718C44D4D1}.MinSizeRel|x64.ActiveCfg = MinSizeRel|x64
		{7E39AFE5-C972-3EAD-934F-1B718C44D4D1}.MinSizeRel|x64.Build.0 = MinSizeRel|x64
		{7E39AFE5-C972-3EAD-934F-1B718C44D4D1}.RelWithDebInfo|x64.ActiveCfg = RelWithDebInfo|x64
		{7E39AFE5-C972-3EAD-934F-1B718C44D4D1}.RelWithDebInfo|x64.Build.0 = RelWithDebInfo|x64
	EndGlobalSection
	GlobalSection(ExtensibilityGlobals) = postSolution
		SolutionGuid = {810127CE-7368-3FA3-9203-FF06C4A91429}
	EndGlobalSection
	GlobalSection(ExtensibilityAddIns) = postSolution
	EndGlobalSection
EndGlobal
